
Microsoft Visual Studio Solution File, Format Version 12.00
# Visual Studio 15
VisualStudioVersion = 15.0.28010.0
MinimumVisualStudioVersion = 10.0.40219.1
Project("{FAE04EC0-301F-11D3-BF4B-00C04F79EFBC}") = "ConsoleApp4_username_devskill", "ConsoleApp4_username_devskill\ConsoleApp4_username_devskill.csproj", "{230732D7-29CA-4AFB-AAF4-C64C3B98B76F}"
EndProject
Global
	GlobalSection(SolutionConfigurationPlatforms) = preSolution
		Debug|Any CPU = Debug|Any CPU
		Release|Any CPU = Release|Any CPU
	EndGlobalSection
	GlobalSection(ProjectConfigurationPlatforms) = postSolution
		{230732D7-29CA-4AFB-AAF4-C64C3B98B76F}.Debug|Any CPU.ActiveCfg = Debug|Any CPU
		{230732D7-29CA-4AFB-AAF4-C64C3B98B76F}.Debug|Any CPU.Build.0 = Debug|Any CPU
		{230732D7-29CA-4AFB-AAF4-C64C3B98B76F}.Release|Any CPU.ActiveCfg = Release|Any CPU
		{230732D7-29CA-4AFB-AAF4-C64C3B98B76F}.Release|Any CPU.Build.0 = Release|Any CPU
	EndGlobalSection
	GlobalSection(SolutionProperties) = preSolution
		HideSolutionNode = FALSE
	EndGlobalSection
	GlobalSection(ExtensibilityGlobals) = postSolution
		SolutionGuid = {ABA90FF4-1A71-4A27-B9BA-33BB4388E3AD}
	EndGlobalSection
EndGlobal
