
Microsoft Visual Studio Solution File, Format Version 12.00
# Visual Studio 15
VisualStudioVersion = 15.0.28010.0
MinimumVisualStudioVersion = 10.0.40219.1
Project("{FAE04EC0-301F-11D3-BF4B-00C04F79EFBC}") = "WindowsFormsApp2_insertonly", "WindowsFormsApp2_insertonly\WindowsFormsApp2_insertonly.csproj", "{787166C1-34A9-4EB7-A643-12C4FF09DDCB}"
EndProject
Global
	GlobalSection(SolutionConfigurationPlatforms) = preSolution
		Debug|Any CPU = Debug|Any CPU
		Release|Any CPU = Release|Any CPU
	EndGlobalSection
	GlobalSection(ProjectConfigurationPlatforms) = postSolution
		{787166C1-34A9-4EB7-A643-12C4FF09DDCB}.Debug|Any CPU.ActiveCfg = Debug|Any CPU
		{787166C1-34A9-4EB7-A643-12C4FF09DDCB}.Debug|Any CPU.Build.0 = Debug|Any CPU
		{787166C1-34A9-4EB7-A643-12C4FF09DDCB}.Release|Any CPU.ActiveCfg = Release|Any CPU
		{787166C1-34A9-4EB7-A643-12C4FF09DDCB}.Release|Any CPU.Build.0 = Release|Any CPU
	EndGlobalSection
	GlobalSection(SolutionProperties) = preSolution
		HideSolutionNode = FALSE
	EndGlobalSection
	GlobalSection(ExtensibilityGlobals) = postSolution
		SolutionGuid = {B82A4063-D525-44CD-8DC1-1EB12EA4EA2B}
	EndGlobalSection
EndGlobal
